// !$*UTF8*$!
{
	archiveVersion = 1;
	classes = {
	};
	objectVersion = 48;
	objects = {

/* Begin PBXBuildFile section */
		6579D4711F9F583D00332EC2 /* AppDelegate.swift in Sources */ = {isa = PBXBuildFile; fileRef = 6579D4701F9F583D00332EC2 /* AppDelegate.swift */; };
		6579D4731F9F583D00332EC2 /* ViewController.swift in Sources */ = {isa = PBXBuildFile; fileRef = 6579D4721F9F583D00332EC2 /* ViewController.swift */; };
		6579D4761F9F583D00332EC2 /* Main.storyboard in Resources */ = {isa = PBXBuildFile; fileRef = 6579D4741F9F583D00332EC2 /* Main.storyboard */; };
		6579D4781F9F583D00332EC2 /* Assets.xcassets in Resources */ = {isa = PBXBuildFile; fileRef = 6579D4771F9F583D00332EC2 /* Assets.xcassets */; };
		6579D47B1F9F583D00332EC2 /* LaunchScreen.storyboard in Resources */ = {isa = PBXBuildFile; fileRef = 6579D4791F9F583D00332EC2 /* LaunchScreen.storyboard */; };
/* End PBXBuildFile section */

/* Begin PBXFileReference section */
		6579D46D1F9F583D00332EC2 /* camera-proba.app */ = {isa = PBXFileReference; explicitFileType = wrapper.application; includeInIndex = 0; path = "camera-proba.app"; sourceTree = BUILT_PRODUCTS_DIR; };
		6579D4701F9F583D00332EC2 /* AppDelegate.swift */ = {isa = PBXFileReference; lastKnownFileType = sourcecode.swift; path = AppDelegate.swift; sourceTree = "<group>"; };
		6579D4721F9F583D00332EC2 /* ViewController.swift */ = {isa = PBXFileReference; lastKnownFileType = sourcecode.swift; path = ViewController.swift; sourceTree = "<group>"; };
		6579D4751F9F583D00332EC2 /* Base */ = {isa = PBXFileReference; lastKnownFileType = file.storyboard; name = Base; path = Base.lproj/Main.storyboard; sourceTree = "<group>"; };
		6579D4771F9F583D00332EC2 /* Assets.xcassets */ = {isa = PBXFileReference; lastKnownFileType = folder.assetcatalog; path = Assets.xcassets; sourceTree = "<group>"; };
		6579D47A1F9F583D00332EC2 /* Base */ = {isa = PBXFileReference; lastKnownFileType = file.storyboard; name = Base; path = Base.lproj/LaunchScreen.storyboard; sourceTree = "<group>"; };
		6579D47C1F9F583D00332EC2 /* Info.plist */ = {isa = PBXFileReference; lastKnownFileType = text.plist.xml; path = Info.plist; sourceTree = "<group>"; };
/* End PBXFileReference section */

/* Begin PBXFrameworksBuildPhase section */
		6579D46A1F9F583D00332EC2 /* Frameworks */ = {
			isa = PBXFrameworksBuildPhase;
			buildActionMask = 2147483647;
			files = (
			);
			runOnlyForDeploymentPostprocessing = 0;
		};
/* End PBXFrameworksBuildPhase section */

/* Begin PBXGroup section */
		6579D4641F9F583D00332EC2 = {
			isa = PBXGroup;
			children = (
				6579D46F1F9F583D00332EC2 /* camera-proba */,
				6579D46E1F9F583D00332EC2 /* Products */,
			);
			sourceTree = "<group>";
		};
		6579D46E1F9F583D00332EC2 /* Products */ = {
			isa = PBXGroup;
			children = (
				6579D46D1F9F583D00332EC2 /* camera-proba.app */,
			);
			name = Products;
			sourceTree = "<group>";
		};
		6579D46F1F9F583D00332EC2 /* camera-proba */ = {
			isa = PBXGroup;
			children = (
				6579D4701F9F583D00332EC2 /* AppDelegate.swift */,
				6579D4721F9F583D00332EC2 /* ViewController.swift */,
				6579D4741F9F583D00332EC2 /* Main.storyboard */,
				6579D4771F9F583D00332EC2 /* Assets.xcassets */,
				6579D4791F9F583D00332EC2 /* LaunchScreen.storyboard */,
				6579D47C1F9F583D00332EC2 /* Info.plist */,
			);
			path = "camera-proba";
			sourceTree = "<group>";
		};
/* End PBXGroup section */

/* Begin PBXNativeTarget section */
		6579D46C1F9F583D00332EC2 /* camera-proba */ = {
			isa = PBXNativeTarget;
			buildConfigurationList = 6579D47F1F9F583D00332EC2 /* Build configuration list for PBXNativeTarget "camera-proba" */;
			buildPhases = (
				6579D4691F9F583D00332EC2 /* Sources */,
				6579D46A1F9F583D00332EC2 /* Frameworks */,
				6579D46B1F9F583D00332EC2 /* Resources */,
			);
			buildRules = (
			);
			dependencies = (
			);
			name = "camera-proba";
			productName = "camera-proba";
			productReference = 6579D46D1F9F583D00332EC2 /* camera-proba.app */;
			productType = "com.apple.product-type.application";
		};
/* End PBXNativeTarget section */

/* Begin PBXProject section */
		6579D4651F9F583D00332EC2 /* Project object */ = {
			isa = PBXProject;
			attributes = {
				LastSwiftUpdateCheck = 0910;
				LastUpgradeCheck = 0910;
				ORGANIZATIONNAME = "Bernát";
				TargetAttributes = {
					6579D46C1F9F583D00332EC2 = {
						CreatedOnToolsVersion = 9.1;
						ProvisioningStyle = Automatic;
					};
				};
			};
			buildConfigurationList = 6579D4681F9F583D00332EC2 /* Build configuration list for PBXProject "camera-proba" */;
			compatibilityVersion = "Xcode 8.0";
			developmentRegion = en;
			hasScannedForEncodings = 0;
			knownRegions = (
				en,
				Base,
			);
			mainGroup = 6579D4641F9F583D00332EC2;
			productRefGroup = 6579D46E1F9F583D00332EC2 /* Products */;
			projectDirPath = "";
			projectRoot = "";
			targets = (
				6579D46C1F9F583D00332EC2 /* camera-proba */,
			);
		};
/* End PBXProject section */

/* Begin PBXResourcesBuildPhase section */
		6579D46B1F9F583D00332EC2 /* Resources */ = {
			isa = PBXResourcesBuildPhase;
			buildActionMask = 2147483647;
			files = (
				6579D47B1F9F583D00332EC2 /* LaunchScreen.storyboard in Resources */,
				6579D4781F9F583D00332EC2 /* Assets.xcassets in Resources */,
				6579D4761F9F583D00332EC2 /* Main.storyboard in Resources */,
			);
			runOnlyForDeploymentPostprocessing = 0;
		};
/* End PBXResourcesBuildPhase section */

/* Begin PBXSourcesBuildPhase section */
		6579D4691F9F583D00332EC2 /* Sources */ = {
			isa = PBXSourcesBuildPhase;
			buildActionMask = 2147483647;
			files = (
				6579D4731F9F583D00332EC2 /* ViewController.swift in Sources */,
				6579D4711F9F583D00332EC2 /* AppDelegate.swift in Sources */,
			);
			runOnlyForDeploymentPostprocessing = 0;
		};
/* End PBXSourcesBuildPhase section */

/* Begin PBXVariantGroup section */
		6579D4741F9F583D00332EC2 /* Main.storyboard */ = {
			isa = PBXVariantGroup;
			children = (
				6579D4751F9F583D00332EC2 /* Base */,
			);
			name = Main.storyboard;
			sourceTree = "<group>";
		};
		6579D4791F9F583D00332EC2 /* LaunchScreen.storyboard */ = {
			isa = PBXVariantGroup;
			children = (
				6579D47A1F9F583D00332EC2 /* Base */,
			);
			name = LaunchScreen.storyboard;
			sourceTree = "<group>";
		};
/* End PBXVariantGroup section */

/* Begin XCBuildConfiguration section */
		6579D47D1F9F583D00332EC2 /* Debug */ = {
			isa = XCBuildConfiguration;
			buildSettings = {
				ALWAYS_SEARCH_USER_PATHS = NO;
				CLANG_ANALYZER_NONNULL = YES;
				CLANG_ANALYZER_NUMBER_OBJECT_CONVERSION = YES_AGGRESSIVE;
				CLANG_CXX_LANGUAGE_STANDARD = "gnu++14";
				CLANG_CXX_LIBRARY = "libc++";
				CLANG_ENABLE_MODULES = YES;
				CLANG_ENABLE_OBJC_ARC = YES;
				CLANG_WARN_BLOCK_CAPTURE_AUTORELEASING = YES;
				CLANG_WARN_BOOL_CONVERSION = YES;
				CLANG_WARN_COMMA = YES;
				CLANG_WARN_CONSTANT_CONVERSION = YES;
				CLANG_WARN_DIRECT_OBJC_ISA_USAGE = YES_ERROR;
				CLANG_WARN_DOCUMENTATION_COMMENTS = YES;
				CLANG_WARN_EMPTY_BODY = YES;
				CLANG_WARN_ENUM_CONVERSION = YES;
				CLANG_WARN_INFINITE_RECURSION = YES;
				CLANG_WARN_INT_CONVERSION = YES;
				CLANG_WARN_NON_LITERAL_NULL_CONVERSION = YES;
				CLANG_WARN_OBJC_LITERAL_CONVERSION = YES;
				CLANG_WARN_OBJC_ROOT_CLASS = YES_ERROR;
				CLANG_WARN_RANGE_LOOP_ANALYSIS = YES;
				CLANG_WARN_STRICT_PROTOTYPES = YES;
				CLANG_WARN_SUSPICIOUS_MOVE = YES;
				CLANG_WARN_UNGUARDED_AVAILABILITY = YES_AGGRESSIVE;
				CLANG_WARN_UNREACHABLE_CODE = YES;
				CLANG_WARN__DUPLICATE_METHOD_MATCH = YES;
				CODE_SIGN_IDENTITY = "iPhone Developer";
				COPY_PHASE_STRIP = NO;
				DEBUG_INFORMATION_FORMAT = dwarf;
				ENABLE_STRICT_OBJC_MSGSEND = YES;
				ENABLE_TESTABILITY = YES;
				GCC_C_LANGUAGE_STANDARD = gnu11;
				GCC_DYNAMIC_NO_PIC = NO;
				GCC_NO_COMMON_BLOCKS = YES;
				GCC_OPTIMIZATION_LEVEL = 0;
				GCC_PREPROCESSOR_DEFINITIONS = (
					"DEBUG=1",
					"$(inherited)",
				);
				GCC_WARN_64_TO_32_BIT_CONVERSION = YES;
				GCC_WARN_ABOUT_RETURN_TYPE = YES_ERROR;
				GCC_WARN_UNDECLARED_SELECTOR = YES;
				GCC_WARN_UNINITIALIZED_AUTOS = YES_AGGRESSIVE;
				GCC_WARN_UNUSED_FUNCTION = YES;
				GCC_WARN_UNUSED_VARIABLE = YES;
				IPHONEOS_DEPLOYMENT_TARGET = 11.1;
				MTL_ENABLE_DEBUG_INFO = YES;
				ONLY_ACTIVE_ARCH = YES;
				SDKROOT = iphoneos;
				SWIFT_ACTIVE_COMPILATION_CONDITIONS = DEBUG;
				SWIFT_OPTIMIZATION_LEVEL = "-Onone";
			};
			name = Debug;
		};
		6579D47E1F9F583D00332EC2 /* Release */ = {
			isa = XCBuildConfiguration;
			buildSettings = {
				ALWAYS_SEARCH_USER_PATHS = NO;
				CLANG_ANALYZER_NONNULL = YES;
				CLANG_ANALYZER_NUMBER_OBJECT_CONVERSION = YES_AGGRESSIVE;
				CLANG_CXX_LANGUAGE_STANDARD = "gnu++14";
				CLANG_CXX_LIBRARY = "libc++";
				CLANG_ENABLE_MODULES = YES;
				CLANG_ENABLE_OBJC_ARC = YES;
				CLANG_WARN_BLOCK_CAPTURE_AUTORELEASING = YES;
				CLANG_WARN_BOOL_CONVERSION = YES;
				CLANG_WARN_COMMA = YES;
				CLANG_WARN_CONSTANT_CONVERSION = YES;
				CLANG_WARN_DIRECT_OBJC_ISA_USAGE = YES_ERROR;
				CLANG_WARN_DOCUMENTATION_COMMENTS = YES;
				CLANG_WARN_EMPTY_BODY = YES;
				CLANG_WARN_ENUM_CONVERSION = YES;
				CLANG_WARN_INFINITE_RECURSION = YES;
				CLANG_WARN_INT_CONVERSION = YES;
				CLANG_WARN_NON_LITERAL_NULL_CONVERSION = YES;
				CLANG_WARN_OBJC_LITERAL_CONVERSION = YES;
				CLANG_WARN_OBJC_ROOT_CLASS = YES_ERROR;
				CLANG_WARN_RANGE_LOOP_ANALYSIS = YES;
				CLANG_WARN_STRICT_PROTOTYPES = YES;
				CLANG_WARN_SUSPICIOUS_MOVE = YES;
				CLANG_WARN_UNGUARDED_AVAILABILITY = YES_AGGRESSIVE;
				CLANG_WARN_UNREACHABLE_CODE = YES;
				CLANG_WARN__DUPLICATE_METHOD_MATCH = YES;
				CODE_SIGN_IDENTITY = "iPhone Developer";
				COPY_PHASE_STRIP = NO;
				DEBUG_INFORMATION_FORMAT = "dwarf-with-dsym";
				ENABLE_NS_ASSERTIONS = NO;
				ENABLE_STRICT_OBJC_MSGSEND = YES;
				GCC_C_LANGUAGE_STANDARD = gnu11;
				GCC_NO_COMMON_BLOCKS = YES;
				GCC_WARN_64_TO_32_BIT_CONVERSION = YES;
				GCC_WARN_ABOUT_RETURN_TYPE = YES_ERROR;
				GCC_WARN_UNDECLARED_SELECTOR = YES;
				GCC_WARN_UNINITIALIZED_AUTOS = YES_AGGRESSIVE;
				GCC_WARN_UNUSED_FUNCTION = YES;
				GCC_WARN_UNUSED_VARIABLE = YES;
				IPHONEOS_DEPLOYMENT_TARGET = 11.1;
				MTL_ENABLE_DEBUG_INFO = NO;
				SDKROOT = iphoneos;
				SWIFT_OPTIMIZATION_LEVEL = "-Owholemodule";
				VALIDATE_PRODUCT = YES;
			};
			name = Release;
		};
		6579D4801F9F583D00332EC2 /* Debug */ = {
			isa = XCBuildConfiguration;
			buildSettings = {
				ASSETCATALOG_COMPILER_APPICON_NAME = AppIcon;
				CODE_SIGN_STYLE = Automatic;
				DEVELOPMENT_TEAM = 672N4LBH7M;
				INFOPLIST_FILE = "camera-proba/Info.plist";
				IPHONEOS_DEPLOYMENT_TARGET = 11.0;
				LD_RUNPATH_SEARCH_PATHS = "$(inherited) @executable_path/Frameworks";
				PRODUCT_BUNDLE_IDENTIFIER = "camera-proba.camera-proba";
				PRODUCT_NAME = "$(TARGET_NAME)";
				SWIFT_VERSION = 4.0;
				TARGETED_DEVICE_FAMILY = "1,2";
			};
			name = Debug;
		};
		6579D4811F9F583D00332EC2 /* Release */ = {
			isa = XCBuildConfiguration;
			buildSettings = {
				ASSETCATALOG_COMPILER_APPICON_NAME = AppIcon;
				CODE_SIGN_STYLE = Automatic;
				DEVELOPMENT_TEAM = 672N4LBH7M;
				INFOPLIST_FILE = "camera-proba/Info.plist";
				IPHONEOS_DEPLOYMENT_TARGET = 11.0;
				LD_RUNPATH_SEARCH_PATHS = "$(inherited) @executable_path/Frameworks";
				PRODUCT_BUNDLE_IDENTIFIER = "camera-proba.camera-proba";
				PRODUCT_NAME = "$(TARGET_NAME)";
				SWIFT_VERSION = 4.0;
				TARGETED_DEVICE_FAMILY = "1,2";
			};
			name = Release;
		};
/* End XCBuildConfiguration section */

/* Begin XCConfigurationList section */
		6579D4681F9F583D00332EC2 /* Build configuration list for PBXProject "camera-proba" */ = {
			isa = XCConfigurationList;
			buildConfigurations = (
				6579D47D1F9F583D00332EC2 /* Debug */,
				6579D47E1F9F583D00332EC2 /* Release */,
			);
			defaultConfigurationIsVisible = 0;
			defaultConfigurationName = Release;
		};
		6579D47F1F9F583D00332EC2 /* Build configuration list for PBXNativeTarget "camera-proba" */ = {
			isa = XCConfigurationList;
			buildConfigurations = (
				6579D4801F9F583D00332EC2 /* Debug */,
				6579D4811F9F583D00332EC2 /* Release */,
			);
			defaultConfigurationIsVisible = 0;
			defaultConfigurationName = Release;
		};
/* End XCConfigurationList section */
	};
	rootObject = 6579D4651F9F583D00332EC2 /* Project object */;
}
